
Microsoft Visual Studio Solution File, Format Version 10.00
# Visual Studio 2008
Project("{8BC9CEB8-8B4A-11D0-8D11-00A0C91BC942}") = "CHECKARYM", "CHECKARYM\CHECKARYM.vcproj", "{638F4714-72B8-4EDA-B117-31081F010665}"
EndProject
Global
	GlobalSection(SolutionConfigurationPlatforms) = preSolution
		Debug|Win32 = Debug|Win32
		Release|Win32 = Release|Win32
	EndGlobalSection
	GlobalSection(ProjectConfigurationPlatforms) = postSolution
		{638F4714-72B8-4EDA-B117-31081F010665}.Debug|Win32.ActiveCfg = Debug|Win32
		{638F4714-72B8-4EDA-B117-31081F010665}.Debug|Win32.Build.0 = Debug|Win32
		{638F4714-72B8-4EDA-B117-31081F010665}.Release|Win32.ActiveCfg = Release|Win32
		{638F4714-72B8-4EDA-B117-31081F010665}.Release|Win32.Build.0 = Release|Win32
	EndGlobalSection
	GlobalSection(SolutionProperties) = preSolution
		HideSolutionNode = FALSE
	EndGlobalSection
EndGlobal
